Microsoft Visual Studio Solution File, Format Version 12.00
# Visual Studio Version 17
VisualStudioVersion = 17.5.2.0
MinimumVisualStudioVersion = 10.0.40219.1
Project("{FAE04EC0-301F-11D3-BF4B-00C04F79EFBC}") = "Finnance", "Finnance.csproj", "{DA2C2DED-E6A5-7BA0-869C-53CCF4233A44}"
EndProject
Global
	GlobalSection(SolutionConfigurationPlatforms) = preSolution
		Debug|Any CPU = Debug|Any CPU
		Release|Any CPU = Release|Any CPU
	EndGlobalSection
	GlobalSection(ProjectConfigurationPlatforms) = postSolution
		{DA2C2DED-E6A5-7BA0-869C-53CCF4233A44}.Debug|Any CPU.ActiveCfg = Debug|Any CPU
		{DA2C2DED-E6A5-7BA0-869C-53CCF4233A44}.Debug|Any CPU.Build.0 = Debug|Any CPU
		{DA2C2DED-E6A5-7BA0-869C-53CCF4233A44}.Release|Any CPU.ActiveCfg = Release|Any CPU
		{DA2C2DED-E6A5-7BA0-869C-53CCF4233A44}.Release|Any CPU.Build.0 = Release|Any CPU
	EndGlobalSection
	GlobalSection(SolutionProperties) = preSolution
		HideSolutionNode = FALSE
	EndGlobalSection
	GlobalSection(ExtensibilityGlobals) = postSolution
		SolutionGuid = {37A29EE7-CD95-4E04-B66D-81CEF6A9CA02}
	EndGlobalSection
EndGlobal
